# generated by rye
# use `rye lock` or `rye sync` to update this lockfile
#
# last locked with the following flags:
#   pre: false
#   features: []
#   all-features: false
#   with-sources: false
#   generate-hashes: false
#   universal: false

-e file:.
keyboard==0.13.5
    # via pixel-color
mouseinfo==0.1.3
    # via pyautogui
pillow==11.0.0
    # via pixel-color
pyautogui==0.9.54
    # via pixel-color
pygetwindow==0.0.9
    # via pyautogui
pymsgbox==1.0.9
    # via pyautogui
pyperclip==1.9.0
    # via mouseinfo
    # via pixel-color
pyrect==0.2.0
    # via pygetwindow
pyscreeze==1.0.1
    # via pyautogui
pytweening==1.2.0
    # via pyautogui
